
Microsoft Visual Studio Solution File, Format Version 12.00
# Visual Studio 14
VisualStudioVersion = 14.0.25420.1
MinimumVisualStudioVersion = 10.0.40219.1
Project("{FAE04EC0-301F-11D3-BF4B-00C04F79EFBC}") = "BitBashUI", "BitBashUI\BitBashUI.csproj", "{538965A8-B30D-4639-A8CA-E7237DBFC4DC}"
EndProject
Project("{FAE04EC0-301F-11D3-BF4B-00C04F79EFBC}") = "BitTrader", "BitTrader\BitTrader.csproj", "{543330F0-A354-4A07-86F4-842DB57FC6E3}"
EndProject
Project("{FAE04EC0-301F-11D3-BF4B-00C04F79EFBC}") = "JPI", "JPI\JPI.csproj", "{704B05FC-3489-46DF-982A-53B5E9DF769C}"
EndProject
Project("{FAE04EC0-301F-11D3-BF4B-00C04F79EFBC}") = "CoinbaseJPI", "CoinbaseJPI\CoinbaseJPI.csproj", "{3E993E11-654D-4AF8-9C4B-04379791B76D}"
EndProject
Project("{FAE04EC0-301F-11D3-BF4B-00C04F79EFBC}") = "CoinbaseTrader", "CoinbaseTrader\CoinbaseTrader.csproj", "{9CEEC683-29A8-49FF-8313-36F3B1F6BE3B}"
EndProject
Global
	GlobalSection(SolutionConfigurationPlatforms) = preSolution
		Debug|Any CPU = Debug|Any CPU
		Release|Any CPU = Release|Any CPU
	EndGlobalSection
	GlobalSection(ProjectConfigurationPlatforms) = postSolution
		{538965A8-B30D-4639-A8CA-E7237DBFC4DC}.Debug|Any CPU.ActiveCfg = Debug|Any CPU
		{538965A8-B30D-4639-A8CA-E7237DBFC4DC}.Debug|Any CPU.Build.0 = Debug|Any CPU
		{538965A8-B30D-4639-A8CA-E7237DBFC4DC}.Release|Any CPU.ActiveCfg = Release|Any CPU
		{538965A8-B30D-4639-A8CA-E7237DBFC4DC}.Release|Any CPU.Build.0 = Release|Any CPU
		{543330F0-A354-4A07-86F4-842DB57FC6E3}.Debug|Any CPU.ActiveCfg = Debug|Any CPU
		{543330F0-A354-4A07-86F4-842DB57FC6E3}.Debug|Any CPU.Build.0 = Debug|Any CPU
		{543330F0-A354-4A07-86F4-842DB57FC6E3}.Release|Any CPU.ActiveCfg = Release|Any CPU
		{543330F0-A354-4A07-86F4-842DB57FC6E3}.Release|Any CPU.Build.0 = Release|Any CPU
		{704B05FC-3489-46DF-982A-53B5E9DF769C}.Debug|Any CPU.ActiveCfg = Debug|Any CPU
		{704B05FC-3489-46DF-982A-53B5E9DF769C}.Debug|Any CPU.Build.0 = Debug|Any CPU
		{704B05FC-3489-46DF-982A-53B5E9DF769C}.Release|Any CPU.ActiveCfg = Release|Any CPU
		{704B05FC-3489-46DF-982A-53B5E9DF769C}.Release|Any CPU.Build.0 = Release|Any CPU
		{3E993E11-654D-4AF8-9C4B-04379791B76D}.Debug|Any CPU.ActiveCfg = Debug|Any CPU
		{3E993E11-654D-4AF8-9C4B-04379791B76D}.Debug|Any CPU.Build.0 = Debug|Any CPU
		{3E993E11-654D-4AF8-9C4B-04379791B76D}.Release|Any CPU.ActiveCfg = Release|Any CPU
		{3E993E11-654D-4AF8-9C4B-04379791B76D}.Release|Any CPU.Build.0 = Release|Any CPU
		{9CEEC683-29A8-49FF-8313-36F3B1F6BE3B}.Debug|Any CPU.ActiveCfg = Debug|Any CPU
		{9CEEC683-29A8-49FF-8313-36F3B1F6BE3B}.Debug|Any CPU.Build.0 = Debug|Any CPU
		{9CEEC683-29A8-49FF-8313-36F3B1F6BE3B}.Release|Any CPU.ActiveCfg = Release|Any CPU
		{9CEEC683-29A8-49FF-8313-36F3B1F6BE3B}.Release|Any CPU.Build.0 = Release|Any CPU
	EndGlobalSection
	GlobalSection(SolutionProperties) = preSolution
		HideSolutionNode = FALSE
	EndGlobalSection
	GlobalSection(ExtensibilityGlobals) = postSolution
		SolutionGuid = {D9227394-3112-45B9-B492-449E87EF6ACA}
	EndGlobalSection
EndGlobal
